<?xml version="1.0" encoding="utf-8"?>
<Project ToolsVersion="4.0" xmlns="http://schemas.microsoft.com/developer/msbuild/2003">
  <ItemGroup>
    <Filter Include="Source Files">
      <UniqueIdentifier>{4FC737F1-C7A5-4376-A066-2A32D752A2FF}</UniqueIdentifier>
      <Extensions>cpp;c;cc;cxx;def;odl;idl;hpj;bat;asm;asmx</Extensions>
    </Filter>
    <Filter Include="Header Files">
      <UniqueIdentifier>{93995380-89BD-4b04-88EB-625FBE52EBFB}</UniqueIdentifier>
      <Extensions>h;hh;hpp;hxx;hm;inl;inc;xsd</Extensions>
    </Filter>
    <Filter Include="Dependencies">
      <UniqueIdentifier>{f173ffdc-d20a-4353-9134-18f00b441e65}</UniqueIdentifier>
    </Filter>
    <Filter Include="Source Files\nes">
      <UniqueIdentifier>{4cf9d8cc-eabb-4644-96c0-4ab61549d1f5}</UniqueIdentifier>
    </Filter>
    <Filter Include="Source Files\6502">
      <UniqueIdentifier>{268dc9a3-d68e-4ebf-b976-dd986bb9eb57}</UniqueIdentifier>
    </Filter>
    <Filter Include="Dependencies\scope_timer">
      <UniqueIdentifier>{fe587b97-6634-4fa8-bcf9-7321d0135ae4}</UniqueIdentifier>
    </Filter>
    <Filter Include="Source Files\frontend">
      <UniqueIdentifier>{e65937d6-c204-460d-b348-a78718bc43ca}</UniqueIdentifier>
    </Filter>
    <Filter Include="Source Files\gfx">
      <UniqueIdentifier>{bfe7b350-05ee-46dd-ad9b-0d8a0307f135}</UniqueIdentifier>
    </Filter>
    <Filter Include="Source Files\asm">
      <UniqueIdentifier>{1e0e9ac7-943c-498e-a59e-71423fc99c4c}</UniqueIdentifier>
    </Filter>
    <Filter Include="Source Files\mappers">
      <UniqueIdentifier>{aa665c72-6bff-4eef-921a-3b0c7b84fb3e}</UniqueIdentifier>
    </Filter>
  </ItemGroup>
  <ItemGroup>
    <ClCompile Include="..\src\main.cpp">
      <Filter>Source Files</Filter>
    </ClCompile>
    <ClCompile Include="..\src\debug.cpp">
      <Filter>Source Files</Filter>
    </ClCompile>
    <ClCompile Include="..\src\nes_cart.cpp">
      <Filter>Source Files\nes</Filter>
    </ClCompile>
    <ClCompile Include="..\src\nes_ppu.cpp">
      <Filter>Source Files\nes</Filter>
    </ClCompile>
    <ClCompile Include="..\src\nes_cpu.cpp">
      <Filter>Source Files\nes</Filter>
    </ClCompile>
    <ClCompile Include="..\src\6502.cpp">
      <Filter>Source Files\6502</Filter>
    </ClCompile>
    <ClCompile Include="..\src\nes_input.cpp">
      <Filter>Source Files\nes</Filter>
    </ClCompile>
    <ClCompile Include="..\src\scanline_vram.cpp">
      <Filter>Source Files\nes</Filter>
    </ClCompile>
    <ClCompile Include="..\src\scanline_dma.cpp">
      <Filter>Source Files\nes</Filter>
    </ClCompile>
    <ClCompile Include="..\src\scope_timer\scope_timer.cpp">
      <Filter>Dependencies\scope_timer</Filter>
    </ClCompile>
    <ClCompile Include="..\src\imageDraw.cpp">
      <Filter>Source Files\frontend</Filter>
    </ClCompile>
    <ClCompile Include="..\src\frontend.cpp">
      <Filter>Source Files\frontend</Filter>
    </ClCompile>
    <ClCompile Include="..\src\settings.cpp">
      <Filter>Source Files\frontend</Filter>
    </ClCompile>
    <ClCompile Include="..\src\gfx\logo.cpp">
      <Filter>Source Files\gfx</Filter>
    </ClCompile>
    <ClCompile Include="..\src\gfx\nes_gfx.cpp">
      <Filter>Source Files\gfx</Filter>
    </ClCompile>
    <ClCompile Include="..\src\gfx\bg_warp.cpp">
      <Filter>Source Files\gfx</Filter>
    </ClCompile>
    <ClCompile Include="..\src\nes_savestate.cpp">
      <Filter>Source Files\nes</Filter>
    </ClCompile>
    <ClCompile Include="..\src\nes_apu.cpp">
      <Filter>Source Files\nes</Filter>
    </ClCompile>
    <ClCompile Include="..\src\mappers\mapper163_nanjing.cpp">
      <Filter>Source Files\mappers</Filter>
    </ClCompile>
    <ClCompile Include="..\src\mappers\mapper64_rambo.cpp">
      <Filter>Source Files\mappers</Filter>
    </ClCompile>
    <ClCompile Include="..\src\mappers\mapper71_camerica.cpp">
      <Filter>Source Files\mappers</Filter>
    </ClCompile>
    <ClCompile Include="..\src\mappers\mapper11_colourdreams.cpp">
      <Filter>Source Files\mappers</Filter>
    </ClCompile>
    <ClCompile Include="..\src\mappers\mapper9_mmc2.cpp">
      <Filter>Source Files\mappers</Filter>
    </ClCompile>
    <ClCompile Include="..\src\mappers\mapper7_aorom.cpp">
      <Filter>Source Files\mappers</Filter>
    </ClCompile>
    <ClCompile Include="..\src\mappers\mapper4_mmc3.cpp">
      <Filter>Source Files\mappers</Filter>
    </ClCompile>
    <ClCompile Include="..\src\mappers\mapper3_cnrom.cpp">
      <Filter>Source Files\mappers</Filter>
    </ClCompile>
    <ClCompile Include="..\src\mappers\mapper2_unrom.cpp">
      <Filter>Source Files\mappers</Filter>
    </ClCompile>
    <ClCompile Include="..\src\mappers\mapper1_mmc1.cpp">
      <Filter>Source Files\mappers</Filter>
    </ClCompile>
    <ClCompile Include="..\src\mappers\mapper0_nrom.cpp">
      <Filter>Source Files\mappers</Filter>
    </ClCompile>
    <ClCompile Include="..\src\mappers\mapper69_sunsoft_fme7.cpp">
      <Filter>Source Files\mappers</Filter>
    </ClCompile>
    <ClCompile Include="..\src\mappers\mapper79_ave.cpp">
      <Filter>Source Files\mappers</Filter>
    </ClCompile>
    <ClCompile Include="..\src\mappers\mapper66_gxrom.cpp">
      <Filter>Source Files\mappers</Filter>
    </ClCompile>
    <ClCompile Include="..\src\mappers\mapper34_bnrom.cpp">
      <Filter>Source Files\mappers</Filter>
    </ClCompile>
    <ClCompile Include="..\src\mappers\mapper67_sunsoft3.cpp">
      <Filter>Source Files\mappers</Filter>
    </ClCompile>
    <ClCompile Include="..\src\mappers\mapper68_sunsoft4.cpp">
      <Filter>Source Files\mappers</Filter>
    </ClCompile>
  </ItemGroup>
  <ItemGroup>
    <ClInclude Include="..\src\main.h">
      <Filter>Header Files</Filter>
    </ClInclude>
    <ClInclude Include="..\src\platform.h">
      <Filter>Header Files</Filter>
    </ClInclude>
    <ClInclude Include="..\src\nes.h">
      <Filter>Header Files</Filter>
    </ClInclude>
    <ClInclude Include="..\src\6502.h">
      <Filter>Header Files</Filter>
    </ClInclude>
    <ClInclude Include="..\src\nes_cpu.h">
      <Filter>Header Files</Filter>
    </ClInclude>
    <ClInclude Include="..\src\scope_timer\scope_timer.h">
      <Filter>Dependencies\scope_timer</Filter>
    </ClInclude>
    <ClInclude Include="..\src\imageDraw.h">
      <Filter>Header Files</Filter>
    </ClInclude>
    <ClInclude Include="..\src\frontend.h">
      <Filter>Header Files</Filter>
    </ClInclude>
    <ClInclude Include="..\src\settings.h">
      <Filter>Header Files</Filter>
    </ClInclude>
    <ClInclude Include="..\src\mappers.h">
      <Filter>Header Files</Filter>
    </ClInclude>
  </ItemGroup>
  <ItemGroup>
    <None Include="..\Makefile" />
    <None Include="..\src\6502_opcodes.inl">
      <Filter>Source Files\6502</Filter>
    </None>
    <None Include="..\src\asm\RenderToScanline.S">
      <Filter>Source Files\asm</Filter>
    </None>
    <None Include="..\src\asm\RenderScanlineBuffer.S">
      <Filter>Source Files\asm</Filter>
    </None>
    <None Include="..\src\6502_instr_timing.inl">
      <Filter>Source Files\6502</Filter>
    </None>
    <None Include="..\src\asm\RenderScanlineBuffer_43.S">
      <Filter>Source Files\asm</Filter>
    </None>
  </ItemGroup>
</Project>