<?xml version="1.0" encoding="utf-8"?>
<Project ToolsVersion="4.0" xmlns="http://schemas.microsoft.com/developer/msbuild/2003">
  <ItemGroup>
    <Filter Include="Source Files">
      <UniqueIdentifier>{4FC737F1-C7A5-4376-A066-2A32D752A2FF}</UniqueIdentifier>
      <Extensions>cpp;c;cc;cxx;def;odl;idl;hpj;bat;asm;asmx</Extensions>
    </Filter>
    <Filter Include="Header Files">
      <UniqueIdentifier>{93995380-89BD-4b04-88EB-625FBE52EBFB}</UniqueIdentifier>
      <Extensions>h;hh;hpp;hxx;hm;inl;inc;xsd</Extensions>
    </Filter>
    <Filter Include="Dependencies">
      <UniqueIdentifier>{f173ffdc-d20a-4353-9134-18f00b441e65}</UniqueIdentifier>
    </Filter>
    <Filter Include="Dependencies\ptune2_simple">
      <UniqueIdentifier>{693d36c5-6996-45ff-a69e-a5ad57b2d2a1}</UniqueIdentifier>
    </Filter>
    <Filter Include="Source Files\nes">
      <UniqueIdentifier>{4cf9d8cc-eabb-4644-96c0-4ab61549d1f5}</UniqueIdentifier>
    </Filter>
    <Filter Include="Source Files\6502">
      <UniqueIdentifier>{268dc9a3-d68e-4ebf-b976-dd986bb9eb57}</UniqueIdentifier>
    </Filter>
    <Filter Include="Dependencies\scope_timer">
      <UniqueIdentifier>{fe587b97-6634-4fa8-bcf9-7321d0135ae4}</UniqueIdentifier>
    </Filter>
    <Filter Include="Source Files\snd">
      <UniqueIdentifier>{634bff64-5cbd-4a14-a4ef-fc362fa7619b}</UniqueIdentifier>
    </Filter>
    <Filter Include="Source Files\frontend">
      <UniqueIdentifier>{e65937d6-c204-460d-b348-a78718bc43ca}</UniqueIdentifier>
    </Filter>
  </ItemGroup>
  <ItemGroup>
    <ClCompile Include="..\src\main.cpp">
      <Filter>Source Files</Filter>
    </ClCompile>
    <ClCompile Include="..\src\ptune2_simple\Ptune2_direct.c">
      <Filter>Dependencies\ptune2_simple</Filter>
    </ClCompile>
    <ClCompile Include="..\src\debug.cpp">
      <Filter>Source Files</Filter>
    </ClCompile>
    <ClCompile Include="..\src\nes_cart.cpp">
      <Filter>Source Files\nes</Filter>
    </ClCompile>
    <ClCompile Include="..\src\nes_ppu.cpp">
      <Filter>Source Files\nes</Filter>
    </ClCompile>
    <ClCompile Include="..\src\nes_cpu.cpp">
      <Filter>Source Files\nes</Filter>
    </ClCompile>
    <ClCompile Include="..\src\6502.cpp">
      <Filter>Source Files\6502</Filter>
    </ClCompile>
    <ClCompile Include="..\src\nes_input.cpp">
      <Filter>Source Files\nes</Filter>
    </ClCompile>
    <ClCompile Include="..\src\scanline_vram.cpp">
      <Filter>Source Files\nes</Filter>
    </ClCompile>
    <ClCompile Include="..\src\scanline_dma.cpp">
      <Filter>Source Files\nes</Filter>
    </ClCompile>
    <ClCompile Include="..\src\scope_timer\scope_timer.cpp">
      <Filter>Dependencies\scope_timer</Filter>
    </ClCompile>
    <ClCompile Include="..\src\snd_prizm.cpp">
      <Filter>Source Files\snd</Filter>
    </ClCompile>
    <ClCompile Include="..\src\snd_winsim.cpp">
      <Filter>Source Files\snd</Filter>
    </ClCompile>
    <ClCompile Include="..\src\snd_main.cpp">
      <Filter>Source Files\snd</Filter>
    </ClCompile>
    <ClCompile Include="..\src\imageDraw.cpp">
      <Filter>Source Files\frontend</Filter>
    </ClCompile>
  </ItemGroup>
  <ItemGroup>
    <ClInclude Include="..\src\main.h">
      <Filter>Header Files</Filter>
    </ClInclude>
    <ClInclude Include="..\src\ptune2_simple\Ptune2_direct.h">
      <Filter>Dependencies\ptune2_simple</Filter>
    </ClInclude>
    <ClInclude Include="..\src\ptune2_simple\SH7305_CPG_BSC.h">
      <Filter>Dependencies\ptune2_simple</Filter>
    </ClInclude>
    <ClInclude Include="..\src\platform.h">
      <Filter>Header Files</Filter>
    </ClInclude>
    <ClInclude Include="..\src\nes.h">
      <Filter>Header Files</Filter>
    </ClInclude>
    <ClInclude Include="..\src\6502.h">
      <Filter>Header Files</Filter>
    </ClInclude>
    <ClInclude Include="..\src\nes_cpu.h">
      <Filter>Header Files</Filter>
    </ClInclude>
    <ClInclude Include="..\src\scope_timer\scope_timer.h">
      <Filter>Dependencies\scope_timer</Filter>
    </ClInclude>
    <ClInclude Include="..\src\snd.h">
      <Filter>Source Files\snd</Filter>
    </ClInclude>
    <ClInclude Include="..\src\imageDraw.h">
      <Filter>Header Files</Filter>
    </ClInclude>
  </ItemGroup>
  <ItemGroup>
    <None Include="..\Makefile" />
    <None Include="..\src\6502_opcodes.inl">
      <Filter>Source Files\6502</Filter>
    </None>
  </ItemGroup>
</Project>